
Microsoft Visual Studio Solution File, Format Version 12.00
# Visual Studio Version 17
VisualStudioVersion = 17.0.31903.59
MinimumVisualStudioVersion = 10.0.40219.1
Project("{FAE04EC0-301F-11D3-BF4B-00C04F79EFBC}") = "Vyzio.Core", "Vyzio.Core\Vyzio.Core.csproj", "{DD47B94C-5DA8-4940-8C22-C62D2C60DC04}"
EndProject
Project("{FAE04EC0-301F-11D3-BF4B-00C04F79EFBC}") = "Vyzio.Infrastructure", "Vyzio.Infrastructure\Vyzio.Infrastructure.csproj", "{7CB81680-BDE5-45EC-AC44-1ECE04322BDA}"
EndProject
Project("{FAE04EC0-301F-11D3-BF4B-00C04F79EFBC}") = "Vyzio.Api", "Vyzio.Api\Vyzio.Api.csproj", "{0B004CB2-DE74-45B0-9BCF-1BE9D470FBC8}"
EndProject
Project("{FAE04EC0-301F-11D3-BF4B-00C04F79EFBC}") = "Vyzio.Tests", "Vyzio.Tests\Vyzio.Tests.csproj", "{93F9698B-58E0-42E6-9FAE-2874EC770B61}"
EndProject
Project("{FAE04EC0-301F-11D3-BF4B-00C04F79EFBC}") = "Vyzio.Application", "Vyzio.Application\Vyzio.Application.csproj", "{31A4A1AF-DF2A-4151-8714-7F80D260661D}"
EndProject
Global
	GlobalSection(SolutionConfigurationPlatforms) = preSolution
		Debug|Any CPU = Debug|Any CPU
		Debug|x64 = Debug|x64
		Debug|x86 = Debug|x86
		Release|Any CPU = Release|Any CPU
		Release|x64 = Release|x64
		Release|x86 = Release|x86
	EndGlobalSection
	GlobalSection(ProjectConfigurationPlatforms) = postSolution
		{DD47B94C-5DA8-4940-8C22-C62D2C60DC04}.Debug|Any CPU.ActiveCfg = Debug|Any CPU
		{DD47B94C-5DA8-4940-8C22-C62D2C60DC04}.Debug|Any CPU.Build.0 = Debug|Any CPU
		{DD47B94C-5DA8-4940-8C22-C62D2C60DC04}.Debug|x64.ActiveCfg = Debug|Any CPU
		{DD47B94C-5DA8-4940-8C22-C62D2C60DC04}.Debug|x64.Build.0 = Debug|Any CPU
		{DD47B94C-5DA8-4940-8C22-C62D2C60DC04}.Debug|x86.ActiveCfg = Debug|Any CPU
		{DD47B94C-5DA8-4940-8C22-C62D2C60DC04}.Debug|x86.Build.0 = Debug|Any CPU
		{DD47B94C-5DA8-4940-8C22-C62D2C60DC04}.Release|Any CPU.ActiveCfg = Release|Any CPU
		{DD47B94C-5DA8-4940-8C22-C62D2C60DC04}.Release|Any CPU.Build.0 = Release|Any CPU
		{DD47B94C-5DA8-4940-8C22-C62D2C60DC04}.Release|x64.ActiveCfg = Release|Any CPU
		{DD47B94C-5DA8-4940-8C22-C62D2C60DC04}.Release|x64.Build.0 = Release|Any CPU
		{DD47B94C-5DA8-4940-8C22-C62D2C60DC04}.Release|x86.ActiveCfg = Release|Any CPU
		{DD47B94C-5DA8-4940-8C22-C62D2C60DC04}.Release|x86.Build.0 = Release|Any CPU
		{7CB81680-BDE5-45EC-AC44-1ECE04322BDA}.Debug|Any CPU.ActiveCfg = Debug|Any CPU
		{7CB81680-BDE5-45EC-AC44-1ECE04322BDA}.Debug|Any CPU.Build.0 = Debug|Any CPU
		{7CB81680-BDE5-45EC-AC44-1ECE04322BDA}.Debug|x64.ActiveCfg = Debug|Any CPU
		{7CB81680-BDE5-45EC-AC44-1ECE04322BDA}.Debug|x64.Build.0 = Debug|Any CPU
		{7CB81680-BDE5-45EC-AC44-1ECE04322BDA}.Debug|x86.ActiveCfg = Debug|Any CPU
		{7CB81680-BDE5-45EC-AC44-1ECE04322BDA}.Debug|x86.Build.0 = Debug|Any CPU
		{7CB81680-BDE5-45EC-AC44-1ECE04322BDA}.Release|Any CPU.ActiveCfg = Release|Any CPU
		{7CB81680-BDE5-45EC-AC44-1ECE04322BDA}.Release|Any CPU.Build.0 = Release|Any CPU
		{7CB81680-BDE5-45EC-AC44-1ECE04322BDA}.Release|x64.ActiveCfg = Release|Any CPU
		{7CB81680-BDE5-45EC-AC44-1ECE04322BDA}.Release|x64.Build.0 = Release|Any CPU
		{7CB81680-BDE5-45EC-AC44-1ECE04322BDA}.Release|x86.ActiveCfg = Release|Any CPU
		{7CB81680-BDE5-45EC-AC44-1ECE04322BDA}.Release|x86.Build.0 = Release|Any CPU
		{0B004CB2-DE74-45B0-9BCF-1BE9D470FBC8}.Debug|Any CPU.ActiveCfg = Debug|Any CPU
		{0B004CB2-DE74-45B0-9BCF-1BE9D470FBC8}.Debug|Any CPU.Build.0 = Debug|Any CPU
		{0B004CB2-DE74-45B0-9BCF-1BE9D470FBC8}.Debug|x64.ActiveCfg = Debug|Any CPU
		{0B004CB2-DE74-45B0-9BCF-1BE9D470FBC8}.Debug|x64.Build.0 = Debug|Any CPU
		{0B004CB2-DE74-45B0-9BCF-1BE9D470FBC8}.Debug|x86.ActiveCfg = Debug|Any CPU
		{0B004CB2-DE74-45B0-9BCF-1BE9D470FBC8}.Debug|x86.Build.0 = Debug|Any CPU
		{0B004CB2-DE74-45B0-9BCF-1BE9D470FBC8}.Release|Any CPU.ActiveCfg = Release|Any CPU
		{0B004CB2-DE74-45B0-9BCF-1BE9D470FBC8}.Release|Any CPU.Build.0 = Release|Any CPU
		{0B004CB2-DE74-45B0-9BCF-1BE9D470FBC8}.Release|x64.ActiveCfg = Release|Any CPU
		{0B004CB2-DE74-45B0-9BCF-1BE9D470FBC8}.Release|x64.Build.0 = Release|Any CPU
		{0B004CB2-DE74-45B0-9BCF-1BE9D470FBC8}.Release|x86.ActiveCfg = Release|Any CPU
		{0B004CB2-DE74-45B0-9BCF-1BE9D470FBC8}.Release|x86.Build.0 = Release|Any CPU
		{93F9698B-58E0-42E6-9FAE-2874EC770B61}.Debug|Any CPU.ActiveCfg = Debug|Any CPU
		{93F9698B-58E0-42E6-9FAE-2874EC770B61}.Debug|Any CPU.Build.0 = Debug|Any CPU
		{93F9698B-58E0-42E6-9FAE-2874EC770B61}.Debug|x64.ActiveCfg = Debug|Any CPU
		{93F9698B-58E0-42E6-9FAE-2874EC770B61}.Debug|x64.Build.0 = Debug|Any CPU
		{93F9698B-58E0-42E6-9FAE-2874EC770B61}.Debug|x86.ActiveCfg = Debug|Any CPU
		{93F9698B-58E0-42E6-9FAE-2874EC770B61}.Debug|x86.Build.0 = Debug|Any CPU
		{93F9698B-58E0-42E6-9FAE-2874EC770B61}.Release|Any CPU.ActiveCfg = Release|Any CPU
		{93F9698B-58E0-42E6-9FAE-2874EC770B61}.Release|Any CPU.Build.0 = Release|Any CPU
		{93F9698B-58E0-42E6-9FAE-2874EC770B61}.Release|x64.ActiveCfg = Release|Any CPU
		{93F9698B-58E0-42E6-9FAE-2874EC770B61}.Release|x64.Build.0 = Release|Any CPU
		{93F9698B-58E0-42E6-9FAE-2874EC770B61}.Release|x86.ActiveCfg = Release|Any CPU
		{93F9698B-58E0-42E6-9FAE-2874EC770B61}.Release|x86.Build.0 = Release|Any CPU
		{31A4A1AF-DF2A-4151-8714-7F80D260661D}.Debug|Any CPU.ActiveCfg = Debug|Any CPU
		{31A4A1AF-DF2A-4151-8714-7F80D260661D}.Debug|Any CPU.Build.0 = Debug|Any CPU
		{31A4A1AF-DF2A-4151-8714-7F80D260661D}.Debug|x64.ActiveCfg = Debug|Any CPU
		{31A4A1AF-DF2A-4151-8714-7F80D260661D}.Debug|x64.Build.0 = Debug|Any CPU
		{31A4A1AF-DF2A-4151-8714-7F80D260661D}.Debug|x86.ActiveCfg = Debug|Any CPU
		{31A4A1AF-DF2A-4151-8714-7F80D260661D}.Debug|x86.Build.0 = Debug|Any CPU
		{31A4A1AF-DF2A-4151-8714-7F80D260661D}.Release|Any CPU.ActiveCfg = Release|Any CPU
		{31A4A1AF-DF2A-4151-8714-7F80D260661D}.Release|Any CPU.Build.0 = Release|Any CPU
		{31A4A1AF-DF2A-4151-8714-7F80D260661D}.Release|x64.ActiveCfg = Release|Any CPU
		{31A4A1AF-DF2A-4151-8714-7F80D260661D}.Release|x64.Build.0 = Release|Any CPU
		{31A4A1AF-DF2A-4151-8714-7F80D260661D}.Release|x86.ActiveCfg = Release|Any CPU
		{31A4A1AF-DF2A-4151-8714-7F80D260661D}.Release|x86.Build.0 = Release|Any CPU
	EndGlobalSection
	GlobalSection(SolutionProperties) = preSolution
		HideSolutionNode = FALSE
	EndGlobalSection
EndGlobal
